
Microsoft Visual Studio Solution File, Format Version 12.00
# Visual Studio 15
VisualStudioVersion = 15.0.28307.1500
MinimumVisualStudioVersion = 10.0.40219.1
Project("{FAE04EC0-301F-11D3-BF4B-00C04F79EFBC}") = "Calculadora", "Calculadora\Calculadora.csproj", "{26F3BAA6-ED26-4CB4-B206-846B46E1B2DA}"
EndProject
Global
	GlobalSection(SolutionConfigurationPlatforms) = preSolution
		Debug|Any CPU = Debug|Any CPU
		Release|Any CPU = Release|Any CPU
	EndGlobalSection
	GlobalSection(ProjectConfigurationPlatforms) = postSolution
		{26F3BAA6-ED26-4CB4-B206-846B46E1B2DA}.Debug|Any CPU.ActiveCfg = Debug|Any CPU
		{26F3BAA6-ED26-4CB4-B206-846B46E1B2DA}.Debug|Any CPU.Build.0 = Debug|Any CPU
		{26F3BAA6-ED26-4CB4-B206-846B46E1B2DA}.Release|Any CPU.ActiveCfg = Release|Any CPU
		{26F3BAA6-ED26-4CB4-B206-846B46E1B2DA}.Release|Any CPU.Build.0 = Release|Any CPU
	EndGlobalSection
	GlobalSection(SolutionProperties) = preSolution
		HideSolutionNode = FALSE
	EndGlobalSection
	GlobalSection(ExtensibilityGlobals) = postSolution
		SolutionGuid = {2FD7E401-04A6-4A50-BE32-05CFDF4FCFE0}
	EndGlobalSection
EndGlobal
